// !$*UTF8*$!
{
	archiveVersion = 1;
	classes = {
	};
	objectVersion = 55;
	objects = {

/* Begin PBXBuildFile section */
		C131B84A28403053003565EC /* AppDelegate.swift in Sources */ = {isa = PBXBuildFile; fileRef = C131B84928403053003565EC /* AppDelegate.swift */; };
		C131B84C28403053003565EC /* SceneDelegate.swift in Sources */ = {isa = PBXBuildFile; fileRef = C131B84B28403053003565EC /* SceneDelegate.swift */; };
		C131B84E28403053003565EC /* ViewController.swift in Sources */ = {isa = PBXBuildFile; fileRef = C131B84D28403053003565EC /* ViewController.swift */; };
		C131B85128403053003565EC /* Main.storyboard in Resources */ = {isa = PBXBuildFile; fileRef = C131B84F28403053003565EC /* Main.storyboard */; };
		C131B85328403058003565EC /* Assets.xcassets in Resources */ = {isa = PBXBuildFile; fileRef = C131B85228403058003565EC /* Assets.xcassets */; };
		C131B85628403058003565EC /* LaunchScreen.storyboard in Resources */ = {isa = PBXBuildFile; fileRef = C131B85428403058003565EC /* LaunchScreen.storyboard */; };
		C131B8612840305A003565EC /* pokemonTriviaTests.swift in Sources */ = {isa = PBXBuildFile; fileRef = C131B8602840305A003565EC /* pokemonTriviaTests.swift */; };
		C131B86B2840305A003565EC /* pokemonTriviaUITests.swift in Sources */ = {isa = PBXBuildFile; fileRef = C131B86A2840305A003565EC /* pokemonTriviaUITests.swift */; };
		C131B86D2840305A003565EC /* pokemonTriviaUITestsLaunchTests.swift in Sources */ = {isa = PBXBuildFile; fileRef = C131B86C2840305A003565EC /* pokemonTriviaUITestsLaunchTests.swift */; };
/* End PBXBuildFile section */

/* Begin PBXContainerItemProxy section */
		C131B85D2840305A003565EC /* PBXContainerItemProxy */ = {
			isa = PBXContainerItemProxy;
			containerPortal = C131B83E28403053003565EC /* Project object */;
			proxyType = 1;
			remoteGlobalIDString = C131B84528403053003565EC;
			remoteInfo = pokemonTrivia;
		};
		C131B8672840305A003565EC /* PBXContainerItemProxy */ = {
			isa = PBXContainerItemProxy;
			containerPortal = C131B83E28403053003565EC /* Project object */;
			proxyType = 1;
			remoteGlobalIDString = C131B84528403053003565EC;
			remoteInfo = pokemonTrivia;
		};
/* End PBXContainerItemProxy section */

/* Begin PBXFileReference section */
		C131B84628403053003565EC /* pokemonTrivia.app */ = {isa = PBXFileReference; explicitFileType = wrapper.application; includeInIndex = 0; path = pokemonTrivia.app; sourceTree = BUILT_PRODUCTS_DIR; };
		C131B84928403053003565EC /* AppDelegate.swift */ = {isa = PBXFileReference; lastKnownFileType = sourcecode.swift; path = AppDelegate.swift; sourceTree = "<group>"; };
		C131B84B28403053003565EC /* SceneDelegate.swift */ = {isa = PBXFileReference; lastKnownFileType = sourcecode.swift; path = SceneDelegate.swift; sourceTree = "<group>"; };
		C131B84D28403053003565EC /* ViewController.swift */ = {isa = PBXFileReference; lastKnownFileType = sourcecode.swift; path = ViewController.swift; sourceTree = "<group>"; };
		C131B85028403053003565EC /* Base */ = {isa = PBXFileReference; lastKnownFileType = file.storyboard; name = Base; path = Base.lproj/Main.storyboard; sourceTree = "<group>"; };
		C131B85228403058003565EC /* Assets.xcassets */ = {isa = PBXFileReference; lastKnownFileType = folder.assetcatalog; path = Assets.xcassets; sourceTree = "<group>"; };
		C131B85528403058003565EC /* Base */ = {isa = PBXFileReference; lastKnownFileType = file.storyboard; name = Base; path = Base.lproj/LaunchScreen.storyboard; sourceTree = "<group>"; };
		C131B85728403058003565EC /* Info.plist */ = {isa = PBXFileReference; lastKnownFileType = text.plist.xml; path = Info.plist; sourceTree = "<group>"; };
		C131B85C2840305A003565EC /* pokemonTriviaTests.xctest */ = {isa = PBXFileReference; explicitFileType = wrapper.cfbundle; includeInIndex = 0; path = pokemonTriviaTests.xctest; sourceTree = BUILT_PRODUCTS_DIR; };
		C131B8602840305A003565EC /* pokemonTriviaTests.swift */ = {isa = PBXFileReference; lastKnownFileType = sourcecode.swift; path = pokemonTriviaTests.swift; sourceTree = "<group>"; };
		C131B8662840305A003565EC /* pokemonTriviaUITests.xctest */ = {isa = PBXFileReference; explicitFileType = wrapper.cfbundle; includeInIndex = 0; path = pokemonTriviaUITests.xctest; sourceTree = BUILT_PRODUCTS_DIR; };
		C131B86A2840305A003565EC /* pokemonTriviaUITests.swift */ = {isa = PBXFileReference; lastKnownFileType = sourcecode.swift; path = pokemonTriviaUITests.swift; sourceTree = "<group>"; };
		C131B86C2840305A003565EC /* pokemonTriviaUITestsLaunchTests.swift */ = {isa = PBXFileReference; lastKnownFileType = sourcecode.swift; path = pokemonTriviaUITestsLaunchTests.swift; sourceTree = "<group>"; };
/* End PBXFileReference section */

/* Begin PBXFrameworksBuildPhase section */
		C131B84328403053003565EC /* Frameworks */ = {
			isa = PBXFrameworksBuildPhase;
			buildActionMask = 2147483647;
			files = (
			);
			runOnlyForDeploymentPostprocessing = 0;
		};
		C131B8592840305A003565EC /* Frameworks */ = {
			isa = PBXFrameworksBuildPhase;
			buildActionMask = 2147483647;
			files = (
			);
			runOnlyForDeploymentPostprocessing = 0;
		};
		C131B8632840305A003565EC /* Frameworks */ = {
			isa = PBXFrameworksBuildPhase;
			buildActionMask = 2147483647;
			files = (
			);
			runOnlyForDeploymentPostprocessing = 0;
		};
/* End PBXFrameworksBuildPhase section */

/* Begin PBXGroup section */
		C131B83D28403053003565EC = {
			isa = PBXGroup;
			children = (
				C131B84828403053003565EC /* pokemonTrivia */,
				C131B85F2840305A003565EC /* pokemonTriviaTests */,
				C131B8692840305A003565EC /* pokemonTriviaUITests */,
				C131B84728403053003565EC /* Products */,
			);
			sourceTree = "<group>";
		};
		C131B84728403053003565EC /* Products */ = {
			isa = PBXGroup;
			children = (
				C131B84628403053003565EC /* pokemonTrivia.app */,
				C131B85C2840305A003565EC /* pokemonTriviaTests.xctest */,
				C131B8662840305A003565EC /* pokemonTriviaUITests.xctest */,
			);
			name = Products;
			sourceTree = "<group>";
		};
		C131B84828403053003565EC /* pokemonTrivia */ = {
			isa = PBXGroup;
			children = (
				C131B84928403053003565EC /* AppDelegate.swift */,
				C131B84B28403053003565EC /* SceneDelegate.swift */,
				C131B84D28403053003565EC /* ViewController.swift */,
				C131B84F28403053003565EC /* Main.storyboard */,
				C131B85228403058003565EC /* Assets.xcassets */,
				C131B85428403058003565EC /* LaunchScreen.storyboard */,
				C131B85728403058003565EC /* Info.plist */,
			);
			path = pokemonTrivia;
			sourceTree = "<group>";
		};
		C131B85F2840305A003565EC /* pokemonTriviaTests */ = {
			isa = PBXGroup;
			children = (
				C131B8602840305A003565EC /* pokemonTriviaTests.swift */,
			);
			path = pokemonTriviaTests;
			sourceTree = "<group>";
		};
		C131B8692840305A003565EC /* pokemonTriviaUITests */ = {
			isa = PBXGroup;
			children = (
				C131B86A2840305A003565EC /* pokemonTriviaUITests.swift */,
				C131B86C2840305A003565EC /* pokemonTriviaUITestsLaunchTests.swift */,
			);
			path = pokemonTriviaUITests;
			sourceTree = "<group>";
		};
/* End PBXGroup section */

/* Begin PBXNativeTarget section */
		C131B84528403053003565EC /* pokemonTrivia */ = {
			isa = PBXNativeTarget;
			buildConfigurationList = C131B8702840305A003565EC /* Build configuration list for PBXNativeTarget "pokemonTrivia" */;
			buildPhases = (
				C131B84228403053003565EC /* Sources */,
				C131B84328403053003565EC /* Frameworks */,
				C131B84428403053003565EC /* Resources */,
			);
			buildRules = (
			);
			dependencies = (
			);
			name = pokemonTrivia;
			productName = pokemonTrivia;
			productReference = C131B84628403053003565EC /* pokemonTrivia.app */;
			productType = "com.apple.product-type.application";
		};
		C131B85B2840305A003565EC /* pokemonTriviaTests */ = {
			isa = PBXNativeTarget;
			buildConfigurationList = C131B8732840305A003565EC /* Build configuration list for PBXNativeTarget "pokemonTriviaTests" */;
			buildPhases = (
				C131B8582840305A003565EC /* Sources */,
				C131B8592840305A003565EC /* Frameworks */,
				C131B85A2840305A003565EC /* Resources */,
			);
			buildRules = (
			);
			dependencies = (
				C131B85E2840305A003565EC /* PBXTargetDependency */,
			);
			name = pokemonTriviaTests;
			productName = pokemonTriviaTests;
			productReference = C131B85C2840305A003565EC /* pokemonTriviaTests.xctest */;
			productType = "com.apple.product-type.bundle.unit-test";
		};
		C131B8652840305A003565EC /* pokemonTriviaUITests */ = {
			isa = PBXNativeTarget;
			buildConfigurationList = C131B8762840305A003565EC /* Build configuration list for PBXNativeTarget "pokemonTriviaUITests" */;
			buildPhases = (
				C131B8622840305A003565EC /* Sources */,
				C131B8632840305A003565EC /* Frameworks */,
				C131B8642840305A003565EC /* Resources */,
			);
			buildRules = (
			);
			dependencies = (
				C131B8682840305A003565EC /* PBXTargetDependency */,
			);
			name = pokemonTriviaUITests;
			productName = pokemonTriviaUITests;
			productReference = C131B8662840305A003565EC /* pokemonTriviaUITests.xctest */;
			productType = "com.apple.product-type.bundle.ui-testing";
		};
/* End PBXNativeTarget section */

/* Begin PBXProject section */
		C131B83E28403053003565EC /* Project object */ = {
			isa = PBXProject;
			attributes = {
				BuildIndependentTargetsInParallel = 1;
				LastSwiftUpdateCheck = 1330;
				LastUpgradeCheck = 1330;
				TargetAttributes = {
					C131B84528403053003565EC = {
						CreatedOnToolsVersion = 13.3.1;
					};
					C131B85B2840305A003565EC = {
						CreatedOnToolsVersion = 13.3.1;
						TestTargetID = C131B84528403053003565EC;
					};
					C131B8652840305A003565EC = {
						CreatedOnToolsVersion = 13.3.1;
						TestTargetID = C131B84528403053003565EC;
					};
				};
			};
			buildConfigurationList = C131B84128403053003565EC /* Build configuration list for PBXProject "pokemonTrivia" */;
			compatibilityVersion = "Xcode 13.0";
			developmentRegion = en;
			hasScannedForEncodings = 0;
			knownRegions = (
				en,
				Base,
			);
			mainGroup = C131B83D28403053003565EC;
			productRefGroup = C131B84728403053003565EC /* Products */;
			projectDirPath = "";
			projectRoot = "";
			targets = (
				C131B84528403053003565EC /* pokemonTrivia */,
				C131B85B2840305A003565EC /* pokemonTriviaTests */,
				C131B8652840305A003565EC /* pokemonTriviaUITests */,
			);
		};
/* End PBXProject section */

/* Begin PBXResourcesBuildPhase section */
		C131B84428403053003565EC /* Resources */ = {
			isa = PBXResourcesBuildPhase;
			buildActionMask = 2147483647;
			files = (
				C131B85628403058003565EC /* LaunchScreen.storyboard in Resources */,
				C131B85328403058003565EC /* Assets.xcassets in Resources */,
				C131B85128403053003565EC /* Main.storyboard in Resources */,
			);
			runOnlyForDeploymentPostprocessing = 0;
		};
		C131B85A2840305A003565EC /* Resources */ = {
			isa = PBXResourcesBuildPhase;
			buildActionMask = 2147483647;
			files = (
			);
			runOnlyForDeploymentPostprocessing = 0;
		};
		C131B8642840305A003565EC /* Resources */ = {
			isa = PBXResourcesBuildPhase;
			buildActionMask = 2147483647;
			files = (
			);
			runOnlyForDeploymentPostprocessing = 0;
		};
/* End PBXResourcesBuildPhase section */

/* Begin PBXSourcesBuildPhase section */
		C131B84228403053003565EC /* Sources */ = {
			isa = PBXSourcesBuildPhase;
			buildActionMask = 2147483647;
			files = (
				C131B84E28403053003565EC /* ViewController.swift in Sources */,
				C131B84A28403053003565EC /* AppDelegate.swift in Sources */,
				C131B84C28403053003565EC /* SceneDelegate.swift in Sources */,
			);
			runOnlyForDeploymentPostprocessing = 0;
		};
		C131B8582840305A003565EC /* Sources */ = {
			isa = PBXSourcesBuildPhase;
			buildActionMask = 2147483647;
			files = (
				C131B8612840305A003565EC /* pokemonTriviaTests.swift in Sources */,
			);
			runOnlyForDeploymentPostprocessing = 0;
		};
		C131B8622840305A003565EC /* Sources */ = {
			isa = PBXSourcesBuildPhase;
			buildActionMask = 2147483647;
			files = (
				C131B86B2840305A003565EC /* pokemonTriviaUITests.swift in Sources */,
				C131B86D2840305A003565EC /* pokemonTriviaUITestsLaunchTests.swift in Sources */,
			);
			runOnlyForDeploymentPostprocessing = 0;
		};
/* End PBXSourcesBuildPhase section */

/* Begin PBXTargetDependency section */
		C131B85E2840305A003565EC /* PBXTargetDependency */ = {
			isa = PBXTargetDependency;
			target = C131B84528403053003565EC /* pokemonTrivia */;
			targetProxy = C131B85D2840305A003565EC /* PBXContainerItemProxy */;
		};
		C131B8682840305A003565EC /* PBXTargetDependency */ = {
			isa = PBXTargetDependency;
			target = C131B84528403053003565EC /* pokemonTrivia */;
			targetProxy = C131B8672840305A003565EC /* PBXContainerItemProxy */;
		};
/* End PBXTargetDependency section */

/* Begin PBXVariantGroup section */
		C131B84F28403053003565EC /* Main.storyboard */ = {
			isa = PBXVariantGroup;
			children = (
				C131B85028403053003565EC /* Base */,
			);
			name = Main.storyboard;
			sourceTree = "<group>";
		};
		C131B85428403058003565EC /* LaunchScreen.storyboard */ = {
			isa = PBXVariantGroup;
			children = (
				C131B85528403058003565EC /* Base */,
			);
			name = LaunchScreen.storyboard;
			sourceTree = "<group>";
		};
/* End PBXVariantGroup section */

/* Begin XCBuildConfiguration section */
		C131B86E2840305A003565EC /* Debug */ = {
			isa = XCBuildConfiguration;
			buildSettings = {
				ALWAYS_SEARCH_USER_PATHS = NO;
				CLANG_ANALYZER_NONNULL = YES;
				CLANG_ANALYZER_NUMBER_OBJECT_CONVERSION = YES_AGGRESSIVE;
				CLANG_CXX_LANGUAGE_STANDARD = "gnu++17";
				CLANG_ENABLE_MODULES = YES;
				CLANG_ENABLE_OBJC_ARC = YES;
				CLANG_ENABLE_OBJC_WEAK = YES;
				CLANG_WARN_BLOCK_CAPTURE_AUTORELEASING = YES;
				CLANG_WARN_BOOL_CONVERSION = YES;
				CLANG_WARN_COMMA = YES;
				CLANG_WARN_CONSTANT_CONVERSION = YES;
				CLANG_WARN_DEPRECATED_OBJC_IMPLEMENTATIONS = YES;
				CLANG_WARN_DIRECT_OBJC_ISA_USAGE = YES_ERROR;
				CLANG_WARN_DOCUMENTATION_COMMENTS = YES;
				CLANG_WARN_EMPTY_BODY = YES;
				CLANG_WARN_ENUM_CONVERSION = YES;
				CLANG_WARN_INFINITE_RECURSION = YES;
				CLANG_WARN_INT_CONVERSION = YES;
				CLANG_WARN_NON_LITERAL_NULL_CONVERSION = YES;
				CLANG_WARN_OBJC_IMPLICIT_RETAIN_SELF = YES;
				CLANG_WARN_OBJC_LITERAL_CONVERSION = YES;
				CLANG_WARN_OBJC_ROOT_CLASS = YES_ERROR;
				CLANG_WARN_QUOTED_INCLUDE_IN_FRAMEWORK_HEADER = YES;
				CLANG_WARN_RANGE_LOOP_ANALYSIS = YES;
				CLANG_WARN_STRICT_PROTOTYPES = YES;
				CLANG_WARN_SUSPICIOUS_MOVE = YES;
				CLANG_WARN_UNGUARDED_AVAILABILITY = YES_AGGRESSIVE;
				CLANG_WARN_UNREACHABLE_CODE = YES;
				CLANG_WARN__DUPLICATE_METHOD_MATCH = YES;
				COPY_PHASE_STRIP = NO;
				DEBUG_INFORMATION_FORMAT = dwarf;
				ENABLE_STRICT_OBJC_MSGSEND = YES;
				ENABLE_TESTABILITY = YES;
				GCC_C_LANGUAGE_STANDARD = gnu11;
				GCC_DYNAMIC_NO_PIC = NO;
				GCC_NO_COMMON_BLOCKS = YES;
				GCC_OPTIMIZATION_LEVEL = 0;
				GCC_PREPROCESSOR_DEFINITIONS = (
					"DEBUG=1",
					"$(inherited)",
				);
				GCC_WARN_64_TO_32_BIT_CONVERSION = YES;
				GCC_WARN_ABOUT_RETURN_TYPE = YES_ERROR;
				GCC_WARN_UNDECLARED_SELECTOR = YES;
				GCC_WARN_UNINITIALIZED_AUTOS = YES_AGGRESSIVE;
				GCC_WARN_UNUSED_FUNCTION = YES;
				GCC_WARN_UNUSED_VARIABLE = YES;
				IPHONEOS_DEPLOYMENT_TARGET = 15.4;
				MTL_ENABLE_DEBUG_INFO = INCLUDE_SOURCE;
				MTL_FAST_MATH = YES;
				ONLY_ACTIVE_ARCH = YES;
				SDKROOT = iphoneos;
				SWIFT_ACTIVE_COMPILATION_CONDITIONS = DEBUG;
				SWIFT_OPTIMIZATION_LEVEL = "-Onone";
			};
			name = Debug;
		};
		C131B86F2840305A003565EC /* Release */ = {
			isa = XCBuildConfiguration;
			buildSettings = {
				ALWAYS_SEARCH_USER_PATHS = NO;
				CLANG_ANALYZER_NONNULL = YES;
				CLANG_ANALYZER_NUMBER_OBJECT_CONVERSION = YES_AGGRESSIVE;
				CLANG_CXX_LANGUAGE_STANDARD = "gnu++17";
				CLANG_ENABLE_MODULES = YES;
				CLANG_ENABLE_OBJC_ARC = YES;
				CLANG_ENABLE_OBJC_WEAK = YES;
				CLANG_WARN_BLOCK_CAPTURE_AUTORELEASING = YES;
				CLANG_WARN_BOOL_CONVERSION = YES;
				CLANG_WARN_COMMA = YES;
				CLANG_WARN_CONSTANT_CONVERSION = YES;
				CLANG_WARN_DEPRECATED_OBJC_IMPLEMENTATIONS = YES;
				CLANG_WARN_DIRECT_OBJC_ISA_USAGE = YES_ERROR;
				CLANG_WARN_DOCUMENTATION_COMMENTS = YES;
				CLANG_WARN_EMPTY_BODY = YES;
				CLANG_WARN_ENUM_CONVERSION = YES;
				CLANG_WARN_INFINITE_RECURSION = YES;
				CLANG_WARN_INT_CONVERSION = YES;
				CLANG_WARN_NON_LITERAL_NULL_CONVERSION = YES;
				CLANG_WARN_OBJC_IMPLICIT_RETAIN_SELF = YES;
				CLANG_WARN_OBJC_LITERAL_CONVERSION = YES;
				CLANG_WARN_OBJC_ROOT_CLASS = YES_ERROR;
				CLANG_WARN_QUOTED_INCLUDE_IN_FRAMEWORK_HEADER = YES;
				CLANG_WARN_RANGE_LOOP_ANALYSIS = YES;
				CLANG_WARN_STRICT_PROTOTYPES = YES;
				CLANG_WARN_SUSPICIOUS_MOVE = YES;
				CLANG_WARN_UNGUARDED_AVAILABILITY = YES_AGGRESSIVE;
				CLANG_WARN_UNREACHABLE_CODE = YES;
				CLANG_WARN__DUPLICATE_METHOD_MATCH = YES;
				COPY_PHASE_STRIP = NO;
				DEBUG_INFORMATION_FORMAT = "dwarf-with-dsym";
				ENABLE_NS_ASSERTIONS = NO;
				ENABLE_STRICT_OBJC_MSGSEND = YES;
				GCC_C_LANGUAGE_STANDARD = gnu11;
				GCC_NO_COMMON_BLOCKS = YES;
				GCC_WARN_64_TO_32_BIT_CONVERSION = YES;
				GCC_WARN_ABOUT_RETURN_TYPE = YES_ERROR;
				GCC_WARN_UNDECLARED_SELECTOR = YES;
				GCC_WARN_UNINITIALIZED_AUTOS = YES_AGGRESSIVE;
				GCC_WARN_UNUSED_FUNCTION = YES;
				GCC_WARN_UNUSED_VARIABLE = YES;
				IPHONEOS_DEPLOYMENT_TARGET = 15.4;
				MTL_ENABLE_DEBUG_INFO = NO;
				MTL_FAST_MATH = YES;
				SDKROOT = iphoneos;
				SWIFT_COMPILATION_MODE = wholemodule;
				SWIFT_OPTIMIZATION_LEVEL = "-O";
				VALIDATE_PRODUCT = YES;
			};
			name = Release;
		};
		C131B8712840305A003565EC /* Debug */ = {
			isa = XCBuildConfiguration;
			buildSettings = {
				ASSETCATALOG_COMPILER_APPICON_NAME = AppIcon;
				ASSETCATALOG_COMPILER_GLOBAL_ACCENT_COLOR_NAME = AccentColor;
				CODE_SIGN_STYLE = Automatic;
				CURRENT_PROJECT_VERSION = 1;
				GENERATE_INFOPLIST_FILE = YES;
				INFOPLIST_FILE = pokemonTrivia/Info.plist;
				INFOPLIST_KEY_UIApplicationSupportsIndirectInputEvents = YES;
				INFOPLIST_KEY_UILaunchStoryboardName = LaunchScreen;
				INFOPLIST_KEY_UIMainStoryboardFile = Main;
				INFOPLIST_KEY_UISupportedInterfaceOrientations_iPad = "UIInterfaceOrientationPortrait UIInterfaceOrientationPortraitUpsideDown UIInterfaceOrientationLandscapeLeft UIInterfaceOrientationLandscapeRight";
				INFOPLIST_KEY_UISupportedInterfaceOrientations_iPhone = "UIInterfaceOrientationPortrait UIInterfaceOrientationLandscapeLeft UIInterfaceOrientationLandscapeRight";
				LD_RUNPATH_SEARCH_PATHS = (
					"$(inherited)",
					"@executable_path/Frameworks",
				);
				MARKETING_VERSION = 1.0;
				PRODUCT_BUNDLE_IDENTIFIER = com.noam.muallem.pokemonTrivia;
				PRODUCT_NAME = "$(TARGET_NAME)";
				SWIFT_EMIT_LOC_STRINGS = YES;
				SWIFT_VERSION = 5.0;
				TARGETED_DEVICE_FAMILY = "1,2";
			};
			name = Debug;
		};
		C131B8722840305A003565EC /* Release */ = {
			isa = XCBuildConfiguration;
			buildSettings = {
				ASSETCATALOG_COMPILER_APPICON_NAME = AppIcon;
				ASSETCATALOG_COMPILER_GLOBAL_ACCENT_COLOR_NAME = AccentColor;
				CODE_SIGN_STYLE = Automatic;
				CURRENT_PROJECT_VERSION = 1;
				GENERATE_INFOPLIST_FILE = YES;
				INFOPLIST_FILE = pokemonTrivia/Info.plist;
				INFOPLIST_KEY_UIApplicationSupportsIndirectInputEvents = YES;
				INFOPLIST_KEY_UILaunchStoryboardName = LaunchScreen;
				INFOPLIST_KEY_UIMainStoryboardFile = Main;
				INFOPLIST_KEY_UISupportedInterfaceOrientations_iPad = "UIInterfaceOrientationPortrait UIInterfaceOrientationPortraitUpsideDown UIInterfaceOrientationLandscapeLeft UIInterfaceOrientationLandscapeRight";
				INFOPLIST_KEY_UISupportedInterfaceOrientations_iPhone = "UIInterfaceOrientationPortrait UIInterfaceOrientationLandscapeLeft UIInterfaceOrientationLandscapeRight";
				LD_RUNPATH_SEARCH_PATHS = (
					"$(inherited)",
					"@executable_path/Frameworks",
				);
				MARKETING_VERSION = 1.0;
				PRODUCT_BUNDLE_IDENTIFIER = com.noam.muallem.pokemonTrivia;
				PRODUCT_NAME = "$(TARGET_NAME)";
				SWIFT_EMIT_LOC_STRINGS = YES;
				SWIFT_VERSION = 5.0;
				TARGETED_DEVICE_FAMILY = "1,2";
			};
			name = Release;
		};
		C131B8742840305A003565EC /* Debug */ = {
			isa = XCBuildConfiguration;
			buildSettings = {
				ALWAYS_EMBED_SWIFT_STANDARD_LIBRARIES = YES;
				BUNDLE_LOADER = "$(TEST_HOST)";
				CODE_SIGN_STYLE = Automatic;
				CURRENT_PROJECT_VERSION = 1;
				GENERATE_INFOPLIST_FILE = YES;
				IPHONEOS_DEPLOYMENT_TARGET = 15.4;
				MARKETING_VERSION = 1.0;
				PRODUCT_BUNDLE_IDENTIFIER = com.noam.muallem.pokemonTriviaTests;
				PRODUCT_NAME = "$(TARGET_NAME)";
				SWIFT_EMIT_LOC_STRINGS = NO;
				SWIFT_VERSION = 5.0;
				TARGETED_DEVICE_FAMILY = "1,2";
				TEST_HOST = "$(BUILT_PRODUCTS_DIR)/pokemonTrivia.app/pokemonTrivia";
			};
			name = Debug;
		};
		C131B8752840305A003565EC /* Release */ = {
			isa = XCBuildConfiguration;
			buildSettings = {
				ALWAYS_EMBED_SWIFT_STANDARD_LIBRARIES = YES;
				BUNDLE_LOADER = "$(TEST_HOST)";
				CODE_SIGN_STYLE = Automatic;
				CURRENT_PROJECT_VERSION = 1;
				GENERATE_INFOPLIST_FILE = YES;
				IPHONEOS_DEPLOYMENT_TARGET = 15.4;
				MARKETING_VERSION = 1.0;
				PRODUCT_BUNDLE_IDENTIFIER = com.noam.muallem.pokemonTriviaTests;
				PRODUCT_NAME = "$(TARGET_NAME)";
				SWIFT_EMIT_LOC_STRINGS = NO;
				SWIFT_VERSION = 5.0;
				TARGETED_DEVICE_FAMILY = "1,2";
				TEST_HOST = "$(BUILT_PRODUCTS_DIR)/pokemonTrivia.app/pokemonTrivia";
			};
			name = Release;
		};
		C131B8772840305A003565EC /* Debug */ = {
			isa = XCBuildConfiguration;
			buildSettings = {
				ALWAYS_EMBED_SWIFT_STANDARD_LIBRARIES = YES;
				CODE_SIGN_STYLE = Automatic;
				CURRENT_PROJECT_VERSION = 1;
				GENERATE_INFOPLIST_FILE = YES;
				MARKETING_VERSION = 1.0;
				PRODUCT_BUNDLE_IDENTIFIER = com.noam.muallem.pokemonTriviaUITests;
				PRODUCT_NAME = "$(TARGET_NAME)";
				SWIFT_EMIT_LOC_STRINGS = NO;
				SWIFT_VERSION = 5.0;
				TARGETED_DEVICE_FAMILY = "1,2";
				TEST_TARGET_NAME = pokemonTrivia;
			};
			name = Debug;
		};
		C131B8782840305A003565EC /* Release */ = {
			isa = XCBuildConfiguration;
			buildSettings = {
				ALWAYS_EMBED_SWIFT_STANDARD_LIBRARIES = YES;
				CODE_SIGN_STYLE = Automatic;
				CURRENT_PROJECT_VERSION = 1;
				GENERATE_INFOPLIST_FILE = YES;
				MARKETING_VERSION = 1.0;
				PRODUCT_BUNDLE_IDENTIFIER = com.noam.muallem.pokemonTriviaUITests;
				PRODUCT_NAME = "$(TARGET_NAME)";
				SWIFT_EMIT_LOC_STRINGS = NO;
				SWIFT_VERSION = 5.0;
				TARGETED_DEVICE_FAMILY = "1,2";
				TEST_TARGET_NAME = pokemonTrivia;
			};
			name = Release;
		};
/* End XCBuildConfiguration section */

/* Begin XCConfigurationList section */
		C131B84128403053003565EC /* Build configuration list for PBXProject "pokemonTrivia" */ = {
			isa = XCConfigurationList;
			buildConfigurations = (
				C131B86E2840305A003565EC /* Debug */,
				C131B86F2840305A003565EC /* Release */,
			);
			defaultConfigurationIsVisible = 0;
			defaultConfigurationName = Release;
		};
		C131B8702840305A003565EC /* Build configuration list for PBXNativeTarget "pokemonTrivia" */ = {
			isa = XCConfigurationList;
			buildConfigurations = (
				C131B8712840305A003565EC /* Debug */,
				C131B8722840305A003565EC /* Release */,
			);
			defaultConfigurationIsVisible = 0;
			defaultConfigurationName = Release;
		};
		C131B8732840305A003565EC /* Build configuration list for PBXNativeTarget "pokemonTriviaTests" */ = {
			isa = XCConfigurationList;
			buildConfigurations = (
				C131B8742840305A003565EC /* Debug */,
				C131B8752840305A003565EC /* Release */,
			);
			defaultConfigurationIsVisible = 0;
			defaultConfigurationName = Release;
		};
		C131B8762840305A003565EC /* Build configuration list for PBXNativeTarget "pokemonTriviaUITests" */ = {
			isa = XCConfigurationList;
			buildConfigurations = (
				C131B8772840305A003565EC /* Debug */,
				C131B8782840305A003565EC /* Release */,
			);
			defaultConfigurationIsVisible = 0;
			defaultConfigurationName = Release;
		};
/* End XCConfigurationList section */
	};
	rootObject = C131B83E28403053003565EC /* Project object */;
}
